{
  "name": "@tauri-apps/plugin-shell",
  "version": "2.0.0-alpha.4",
  "lockfileVersion": 3,
  "requires": true,
  "packages": {
    "": {
      "name": "@tauri-apps/plugin-shell",
      "version": "2.0.0-alpha.4",
      "license": "MIT or APACHE-2.0",
      "dependencies": {
        "@tauri-apps/api": "2.0.0-alpha.12"
      }
    },
    "node_modules/@tauri-apps/api": {
      "version": "2.0.0-alpha.12",
      "resolved": "https://registry.npmjs.org/@tauri-apps/api/-/api-2.0.0-alpha.12.tgz",
      "integrity": "sha512-acpNZQxFgHMHC5qV/IUg4IL/xmypzfxHB4ECkwb58fT48H4zBmklNd5TC0k7BvLUBoSmmgHc4InbYwQai392Yw==",
      "engines": {
        "node": ">= 18",
        "npm": ">= 6.6.0",
        "yarn": ">= 1.19.1"
      },
      "funding": {
        "type": "opencollective",
        "url": "https://opencollective.com/tauri"
      }
    }
  }
}
